github.com/boggydigital/camino v0.2.11 h1:kNi2Mwq8KUtKt5E2L1XrEcl+FAFU22KVbvbTRKmD3zs=
github.com/boggydigital/camino v0.2.11/go.mod h1:UuW3eJP/wrm1VkNPvvNETKisvQymCD1d2a8KIe6J6cI=
github.com/boggydigital/dolo v0.2.25 h1:CV/iaScm94pAFGL5n1COcLZSXx+FWnET6x0YC64CtfU=
github.com/boggydigital/dolo v0.2.25/go.mod h1:/Z2gQ4V/IIc/9WEL2/HIUag4LnCyZZPOx1Kl9KxI7uI=
github.com/boggydigital/kevlar v0.6.13 h1:Xl4shLJVbxd/jRBktJFrqtm/J+I863yBfGy79heRkOI=
github.com/boggydigital/kevlar v0.6.13/go.mod h1:qGQojbgP9+XY2gy6rkBMtiRf2OqxE0M7TcXFofCFM60=
github.com/boggydigital/nod v0.1.30 h1:/u3FE04mfH5ka1VqoS6uutTmbYbvUaEHyDDJk96uB+k=
github.com/boggydigital/nod v0.1.30/go.mod h1:bzsGsnXacX7YmctBeqpY0oEQeT1KHqcSNpBhLNbKhfA=
github.com/boggydigital/redux v0.1.11 h1:o1O+SuoHR7xoGtgs4GSF9rc1JhTl9WhOhFL3fJKxOyo=
github.com/boggydigital/redux v0.1.11/go.mod h1:vjmX7ffyfOdu3WKky6yX2QNi06S4WK2xDaMv93XD6kg=
github.com/boggydigital/testo v0.1.8 h1:NKuKLpWKn8gG3dYq8xNrFYHimxoCTdzLOs242q6jeQo=
github.com/boggydigital/testo v0.1.8/go.mod h1:8JTO6UKeQPsHS82vbCH/3NLDfewmr/84vVQ6rNLdCas=
github.com/google/uuid v1.6.0 h1:NIvaJDMOsjHA8n1jAhLSgzrAzy1Hgr+hNrb57e+94F0=
github.com/google/uuid v1.6.0/go.mod h1:TIyPZe4MgqvfeYDBFedMoGGpEw/LqOeaOT+nhxU+yHo=
golang.org/x/net v0.56.0 h1:Rw8j/hFzGvJUZwNBXnAtf5sVDVt+65SK2C7IxCxZt5o=
golang.org/x/net v0.56.0/go.mod h1:D3Ku6r+V6JROoZK144D2XfMHFcMq/0zSfLelVTCFKec=
